
Microsoft Visual Studio Solution File, Format Version 12.00
# Visual Studio Version 16
VisualStudioVersion = 16.0.31605.320
MinimumVisualStudioVersion = 10.0.40219.1
Project("{E24C65DC-7377-472B-9ABA-BC803B73C61A}") = "SIMULACRO-PARCIAL", "SIMULACRO-PARCIAL\", "{2253EA5A-1E85-4ED3-B3FA-926524C81D08}"
	ProjectSection(WebsiteProperties) = preProject
		TargetFrameworkMoniker = ".NETFramework,Version%3Dv4.7.2"
		Debug.AspNetCompiler.VirtualPath = "/localhost_63742"
		Debug.AspNetCompiler.PhysicalPath = "SIMULACRO-PARCIAL\"
		Debug.AspNetCompiler.TargetPath = "PrecompiledWeb\localhost_63742\"
		Debug.AspNetCompiler.Updateable = "true"
		Debug.AspNetCompiler.ForceOverwrite = "true"
		Debug.AspNetCompiler.FixedNames = "false"
		Debug.AspNetCompiler.Debug = "True"
		Release.AspNetCompiler.VirtualPath = "/localhost_63742"
		Release.AspNetCompiler.PhysicalPath = "SIMULACRO-PARCIAL\"
		Release.AspNetCompiler.TargetPath = "PrecompiledWeb\localhost_63742\"
		Release.AspNetCompiler.Updateable = "true"
		Release.AspNetCompiler.ForceOverwrite = "true"
		Release.AspNetCompiler.FixedNames = "false"
		Release.AspNetCompiler.Debug = "False"
		VWDPort = "63742"
		SlnRelativePath = "SIMULACRO-PARCIAL\"
		DefaultWebSiteLanguage = "Visual C#"
	EndProjectSection
EndProject
Global
	GlobalSection(SolutionConfigurationPlatforms) = preSolution
		Debug|Any CPU = Debug|Any CPU
	EndGlobalSection
	GlobalSection(ProjectConfigurationPlatforms) = postSolution
		{2253EA5A-1E85-4ED3-B3FA-926524C81D08}.Debug|Any CPU.ActiveCfg = Debug|Any CPU
		{2253EA5A-1E85-4ED3-B3FA-926524C81D08}.Debug|Any CPU.Build.0 = Debug|Any CPU
	EndGlobalSection
	GlobalSection(SolutionProperties) = preSolution
		HideSolutionNode = FALSE
	EndGlobalSection
	GlobalSection(ExtensibilityGlobals) = postSolution
		SolutionGuid = {015E13CB-97AE-44C8-B9F7-5843875AFAC1}
	EndGlobalSection
EndGlobal
