
Microsoft Visual Studio Solution File, Format Version 12.00
# Visual Studio Version 16
VisualStudioVersion = 16.0.30523.141
MinimumVisualStudioVersion = 10.0.40219.1
Project("{FAE04EC0-301F-11D3-BF4B-00C04F79EFBC}") = "ManuelBelgrano.SegundoParcialPA1", "ManuelBelgrano.SegundoParcialPA1\ManuelBelgrano.SegundoParcialPA1.csproj", "{F6BEF6E6-F438-49F8-8F77-8D0B909DFEEC}"
EndProject
Global
	GlobalSection(SolutionConfigurationPlatforms) = preSolution
		Debug|Any CPU = Debug|Any CPU
		Release|Any CPU = Release|Any CPU
	EndGlobalSection
	GlobalSection(ProjectConfigurationPlatforms) = postSolution
		{F6BEF6E6-F438-49F8-8F77-8D0B909DFEEC}.Debug|Any CPU.ActiveCfg = Debug|Any CPU
		{F6BEF6E6-F438-49F8-8F77-8D0B909DFEEC}.Debug|Any CPU.Build.0 = Debug|Any CPU
		{F6BEF6E6-F438-49F8-8F77-8D0B909DFEEC}.Release|Any CPU.ActiveCfg = Release|Any CPU
		{F6BEF6E6-F438-49F8-8F77-8D0B909DFEEC}.Release|Any CPU.Build.0 = Release|Any CPU
	EndGlobalSection
	GlobalSection(SolutionProperties) = preSolution
		HideSolutionNode = FALSE
	EndGlobalSection
	GlobalSection(ExtensibilityGlobals) = postSolution
		SolutionGuid = {B3E32236-43D0-46B8-8BC3-54A57246D02C}
	EndGlobalSection
EndGlobal
