
Microsoft Visual Studio Solution File, Format Version 12.00
# Visual Studio Version 16
VisualStudioVersion = 16.0.30621.155
MinimumVisualStudioVersion = 10.0.40219.1
Project("{FAE04EC0-301F-11D3-BF4B-00C04F79EFBC}") = "ManuelBelgrano.Examen", "ManuelBelgrano.Examen\ManuelBelgrano.Examen.csproj", "{7C805BAC-478B-4286-B918-AB8DA3F62948}"
EndProject
Global
	GlobalSection(SolutionConfigurationPlatforms) = preSolution
		Debug|Any CPU = Debug|Any CPU
		Release|Any CPU = Release|Any CPU
	EndGlobalSection
	GlobalSection(ProjectConfigurationPlatforms) = postSolution
		{7C805BAC-478B-4286-B918-AB8DA3F62948}.Debug|Any CPU.ActiveCfg = Debug|Any CPU
		{7C805BAC-478B-4286-B918-AB8DA3F62948}.Debug|Any CPU.Build.0 = Debug|Any CPU
		{7C805BAC-478B-4286-B918-AB8DA3F62948}.Release|Any CPU.ActiveCfg = Release|Any CPU
		{7C805BAC-478B-4286-B918-AB8DA3F62948}.Release|Any CPU.Build.0 = Release|Any CPU
	EndGlobalSection
	GlobalSection(SolutionProperties) = preSolution
		HideSolutionNode = FALSE
	EndGlobalSection
	GlobalSection(ExtensibilityGlobals) = postSolution
		SolutionGuid = {C8271355-AD1F-4FDE-AB68-939D87BB3EED}
	EndGlobalSection
EndGlobal
