
Microsoft Visual Studio Solution File, Format Version 12.00
# Visual Studio Version 16
VisualStudioVersion = 16.0.31205.134
MinimumVisualStudioVersion = 10.0.40219.1
Project("{E24C65DC-7377-472B-9ABA-BC803B73C61A}") = "ManuelBelgrano.WebSite", "ManuelBelgrano.WebSite\", "{53F6937E-45C9-475D-8FC7-B04C3291808C}"
	ProjectSection(WebsiteProperties) = preProject
		TargetFrameworkMoniker = ".NETFramework,Version%3Dv4.7.2"
		ProjectReferences = "{147fb594-67c7-4875-9d04-5b7264c300ca}|ManuelBelgrano.DataAccess.dll;"
		Debug.AspNetCompiler.VirtualPath = "/localhost_49485"
		Debug.AspNetCompiler.PhysicalPath = "ManuelBelgrano.WebSite\"
		Debug.AspNetCompiler.TargetPath = "PrecompiledWeb\localhost_49485\"
		Debug.AspNetCompiler.Updateable = "true"
		Debug.AspNetCompiler.ForceOverwrite = "true"
		Debug.AspNetCompiler.FixedNames = "false"
		Debug.AspNetCompiler.Debug = "True"
		Release.AspNetCompiler.VirtualPath = "/localhost_49485"
		Release.AspNetCompiler.PhysicalPath = "ManuelBelgrano.WebSite\"
		Release.AspNetCompiler.TargetPath = "PrecompiledWeb\localhost_49485\"
		Release.AspNetCompiler.Updateable = "true"
		Release.AspNetCompiler.ForceOverwrite = "true"
		Release.AspNetCompiler.FixedNames = "false"
		Release.AspNetCompiler.Debug = "False"
		VWDPort = "49485"
		SlnRelativePath = "ManuelBelgrano.WebSite\"
	EndProjectSection
EndProject
Project("{FAE04EC0-301F-11D3-BF4B-00C04F79EFBC}") = "ManuelBelgrano.DataAccess", "ManuelBelgrano.DataAccess\ManuelBelgrano.DataAccess.csproj", "{147FB594-67C7-4875-9D04-5B7264C300CA}"
EndProject
Global
	GlobalSection(SolutionConfigurationPlatforms) = preSolution
		Debug|Any CPU = Debug|Any CPU
		Release|Any CPU = Release|Any CPU
	EndGlobalSection
	GlobalSection(ProjectConfigurationPlatforms) = postSolution
		{53F6937E-45C9-475D-8FC7-B04C3291808C}.Debug|Any CPU.ActiveCfg = Debug|Any CPU
		{53F6937E-45C9-475D-8FC7-B04C3291808C}.Debug|Any CPU.Build.0 = Debug|Any CPU
		{53F6937E-45C9-475D-8FC7-B04C3291808C}.Release|Any CPU.ActiveCfg = Debug|Any CPU
		{53F6937E-45C9-475D-8FC7-B04C3291808C}.Release|Any CPU.Build.0 = Debug|Any CPU
		{147FB594-67C7-4875-9D04-5B7264C300CA}.Debug|Any CPU.ActiveCfg = Debug|Any CPU
		{147FB594-67C7-4875-9D04-5B7264C300CA}.Debug|Any CPU.Build.0 = Debug|Any CPU
		{147FB594-67C7-4875-9D04-5B7264C300CA}.Release|Any CPU.ActiveCfg = Release|Any CPU
		{147FB594-67C7-4875-9D04-5B7264C300CA}.Release|Any CPU.Build.0 = Release|Any CPU
	EndGlobalSection
	GlobalSection(SolutionProperties) = preSolution
		HideSolutionNode = FALSE
	EndGlobalSection
	GlobalSection(ExtensibilityGlobals) = postSolution
		SolutionGuid = {48B8CC53-38C0-4BA4-B3E6-D6068BA05265}
	EndGlobalSection
EndGlobal
